
Microsoft Visual Studio Solution File, Format Version 12.00
# Visual Studio Version 17
VisualStudioVersion = 17.0.32112.339
MinimumVisualStudioVersion = 10.0.40219.1
Project("{9A19103F-16F7-4668-BE54-9A1E7A4F7556}") = "adventofcode-2020", "adventofcode-2020\adventofcode-2020.csproj", "{6590B0C5-609D-4E21-A7CC-64D777CDA584}"
EndProject
Project("{9A19103F-16F7-4668-BE54-9A1E7A4F7556}") = "adventofcode-2020.Tests", "adventofcode-2020.Tests\adventofcode-2020.Tests.csproj", "{D78EDF7D-39B1-4C8A-8342-7B5064F4CEA6}"
EndProject
Global
	GlobalSection(SolutionConfigurationPlatforms) = preSolution
		Debug|Any CPU = Debug|Any CPU
		Release|Any CPU = Release|Any CPU
	EndGlobalSection
	GlobalSection(ProjectConfigurationPlatforms) = postSolution
		{6590B0C5-609D-4E21-A7CC-64D777CDA584}.Debug|Any CPU.ActiveCfg = Debug|Any CPU
		{6590B0C5-609D-4E21-A7CC-64D777CDA584}.Debug|Any CPU.Build.0 = Debug|Any CPU
		{6590B0C5-609D-4E21-A7CC-64D777CDA584}.Release|Any CPU.ActiveCfg = Release|Any CPU
		{6590B0C5-609D-4E21-A7CC-64D777CDA584}.Release|Any CPU.Build.0 = Release|Any CPU
		{D78EDF7D-39B1-4C8A-8342-7B5064F4CEA6}.Debug|Any CPU.ActiveCfg = Debug|Any CPU
		{D78EDF7D-39B1-4C8A-8342-7B5064F4CEA6}.Debug|Any CPU.Build.0 = Debug|Any CPU
		{D78EDF7D-39B1-4C8A-8342-7B5064F4CEA6}.Release|Any CPU.ActiveCfg = Release|Any CPU
		{D78EDF7D-39B1-4C8A-8342-7B5064F4CEA6}.Release|Any CPU.Build.0 = Release|Any CPU
	EndGlobalSection
	GlobalSection(SolutionProperties) = preSolution
		HideSolutionNode = FALSE
	EndGlobalSection
	GlobalSection(ExtensibilityGlobals) = postSolution
		SolutionGuid = {10DFF2E2-D78B-46A0-91A0-76DF33B67CD0}
	EndGlobalSection
EndGlobal
